
Microsoft Visual Studio Solution File, Format Version 12.00
# Visual Studio Version 16
VisualStudioVersion = 16.0.32106.194
MinimumVisualStudioVersion = 10.0.40219.1
Project("{FAE04EC0-301F-11D3-BF4B-00C04F79EFBC}") = "006. ketszamkulonbsege", "006. ketszamkulonbsege\006. ketszamkulonbsege.csproj", "{0BA549D4-B6CD-4F5F-89A9-CAEF76139AED}"
EndProject
Global
	GlobalSection(SolutionConfigurationPlatforms) = preSolution
		Debug|Any CPU = Debug|Any CPU
		Release|Any CPU = Release|Any CPU
	EndGlobalSection
	GlobalSection(ProjectConfigurationPlatforms) = postSolution
		{0BA549D4-B6CD-4F5F-89A9-CAEF76139AED}.Debug|Any CPU.ActiveCfg = Debug|Any CPU
		{0BA549D4-B6CD-4F5F-89A9-CAEF76139AED}.Debug|Any CPU.Build.0 = Debug|Any CPU
		{0BA549D4-B6CD-4F5F-89A9-CAEF76139AED}.Release|Any CPU.ActiveCfg = Release|Any CPU
		{0BA549D4-B6CD-4F5F-89A9-CAEF76139AED}.Release|Any CPU.Build.0 = Release|Any CPU
	EndGlobalSection
	GlobalSection(SolutionProperties) = preSolution
		HideSolutionNode = FALSE
	EndGlobalSection
	GlobalSection(ExtensibilityGlobals) = postSolution
		SolutionGuid = {62F13BB9-B28A-46B8-83D8-F89FB05DF981}
	EndGlobalSection
EndGlobal
